// !$*UTF8*$!
{
	archiveVersion = 1;
	classes = {
	};
	objectVersion = 77;
	objects = {

/* Begin PBXBuildFile section */
		03E462BC6A0C852EA4F6EF74 /* Pods_NewsArticle.framework in Frameworks */ = {isa = PBXBuildFile; fileRef = 14B9203ACAE9E1075E496DDE /* Pods_NewsArticle.framework */; };
		4E021ACA2DF6F70E005C5D32 /* SearchScreen.swift in Sources */ = {isa = PBXBuildFile; fileRef = 4E021AC92DF6F70E005C5D32 /* SearchScreen.swift */; };
		4E021ACE2DF6FDDD005C5D32 /* TabView.swift in Sources */ = {isa = PBXBuildFile; fileRef = 4E021ACD2DF6FDDD005C5D32 /* TabView.swift */; };
		4E021AD62DF70808005C5D32 /* LoadingView.swift in Sources */ = {isa = PBXBuildFile; fileRef = 4E021AD52DF70808005C5D32 /* LoadingView.swift */; };
		4E021AE22DF72075005C5D32 /* NewsCardView.swift in Sources */ = {isa = PBXBuildFile; fileRef = 4E021AE12DF72075005C5D32 /* NewsCardView.swift */; };
		4E021AE42DF72099005C5D32 /* TopNewsCard.swift in Sources */ = {isa = PBXBuildFile; fileRef = 4E021AE32DF72099005C5D32 /* TopNewsCard.swift */; };
		4E021AEC2DF73433005C5D32 /* String.swift in Sources */ = {isa = PBXBuildFile; fileRef = 4E021AEB2DF73433005C5D32 /* String.swift */; };
		4E021AEE2DF7354F005C5D32 /* TopNewsCarouselView.swift in Sources */ = {isa = PBXBuildFile; fileRef = 4E021AED2DF7354F005C5D32 /* TopNewsCarouselView.swift */; };
		4EA312062DF7F9CD00710D6D /* SelectNewsScreen.swift in Sources */ = {isa = PBXBuildFile; fileRef = 4EA312052DF7F9CD00710D6D /* SelectNewsScreen.swift */; };
		4EA3120B2DF7FEE700710D6D /* APIselectedCard.swift in Sources */ = {isa = PBXBuildFile; fileRef = 4EA3120A2DF7FEE700710D6D /* APIselectedCard.swift */; };
		4EA312142DF821ED00710D6D /* SIgnInScreen.swift in Sources */ = {isa = PBXBuildFile; fileRef = 4EA312132DF821ED00710D6D /* SIgnInScreen.swift */; };
		4EA312222DF827F200710D6D /* CustomTextField.swift in Sources */ = {isa = PBXBuildFile; fileRef = 4EA312212DF827F200710D6D /* CustomTextField.swift */; };
		4EA3122A2DF8768B00710D6D /* ProfilePage.swift in Sources */ = {isa = PBXBuildFile; fileRef = 4EA312292DF8768B00710D6D /* ProfilePage.swift */; };
		4EA312302DF9551800710D6D /* FirebaseAI in Frameworks */ = {isa = PBXBuildFile; productRef = 4EA3122F2DF9551800710D6D /* FirebaseAI */; };
		4EA312322DF9551800710D6D /* FirebaseAnalytics in Frameworks */ = {isa = PBXBuildFile; productRef = 4EA312312DF9551800710D6D /* FirebaseAnalytics */; };
		4EA312342DF9551800710D6D /* FirebaseAnalyticsCore in Frameworks */ = {isa = PBXBuildFile; productRef = 4EA312332DF9551800710D6D /* FirebaseAnalyticsCore */; };
		4EA312362DF9551800710D6D /* FirebaseAnalyticsIdentitySupport in Frameworks */ = {isa = PBXBuildFile; productRef = 4EA312352DF9551800710D6D /* FirebaseAnalyticsIdentitySupport */; };
		4EA312382DF9551800710D6D /* FirebaseAnalyticsOnDeviceConversion in Frameworks */ = {isa = PBXBuildFile; productRef = 4EA312372DF9551800710D6D /* FirebaseAnalyticsOnDeviceConversion */; };
		4EA3123A2DF9551800710D6D /* FirebaseAnalyticsWithoutAdIdSupport in Frameworks */ = {isa = PBXBuildFile; productRef = 4EA312392DF9551800710D6D /* FirebaseAnalyticsWithoutAdIdSupport */; };
		4EA3123C2DF9551800710D6D /* FirebaseAppCheck in Frameworks */ = {isa = PBXBuildFile; productRef = 4EA3123B2DF9551800710D6D /* FirebaseAppCheck */; };
		4EA3123E2DF9551800710D6D /* FirebaseAppDistribution-Beta in Frameworks */ = {isa = PBXBuildFile; productRef = 4EA3123D2DF9551800710D6D /* FirebaseAppDistribution-Beta */; };
		4EA312402DF9551800710D6D /* FirebaseAuth in Frameworks */ = {isa = PBXBuildFile; productRef = 4EA3123F2DF9551800710D6D /* FirebaseAuth */; };
		4EA312422DF9551800710D6D /* FirebaseAuthCombine-Community in Frameworks */ = {isa = PBXBuildFile; productRef = 4EA312412DF9551800710D6D /* FirebaseAuthCombine-Community */; };
		4EA312442DF9551800710D6D /* FirebaseCore in Frameworks */ = {isa = PBXBuildFile; productRef = 4EA312432DF9551800710D6D /* FirebaseCore */; };
		4EA312462DF9551800710D6D /* FirebaseCrashlytics in Frameworks */ = {isa = PBXBuildFile; productRef = 4EA312452DF9551800710D6D /* FirebaseCrashlytics */; };
		4EA312482DF9551800710D6D /* FirebaseDatabase in Frameworks */ = {isa = PBXBuildFile; productRef = 4EA312472DF9551800710D6D /* FirebaseDatabase */; };
		4EA3124A2DF9551800710D6D /* FirebaseDynamicLinks in Frameworks */ = {isa = PBXBuildFile; productRef = 4EA312492DF9551800710D6D /* FirebaseDynamicLinks */; };
		4EA3124C2DF9551800710D6D /* FirebaseFirestore in Frameworks */ = {isa = PBXBuildFile; productRef = 4EA3124B2DF9551800710D6D /* FirebaseFirestore */; };
		4EA3124E2DF9551800710D6D /* FirebaseFirestoreCombine-Community in Frameworks */ = {isa = PBXBuildFile; productRef = 4EA3124D2DF9551800710D6D /* FirebaseFirestoreCombine-Community */; };
		4EA312502DF9551800710D6D /* FirebaseFunctions in Frameworks */ = {isa = PBXBuildFile; productRef = 4EA3124F2DF9551800710D6D /* FirebaseFunctions */; };
		4EA312522DF9551800710D6D /* FirebaseFunctionsCombine-Community in Frameworks */ = {isa = PBXBuildFile; productRef = 4EA312512DF9551800710D6D /* FirebaseFunctionsCombine-Community */; };
		4EA312542DF9551800710D6D /* FirebaseInAppMessaging-Beta in Frameworks */ = {isa = PBXBuildFile; productRef = 4EA312532DF9551800710D6D /* FirebaseInAppMessaging-Beta */; };
		4EA312562DF9551800710D6D /* FirebaseInstallations in Frameworks */ = {isa = PBXBuildFile; productRef = 4EA312552DF9551800710D6D /* FirebaseInstallations */; };
		4EA312582DF9551800710D6D /* FirebaseMLModelDownloader in Frameworks */ = {isa = PBXBuildFile; productRef = 4EA312572DF9551800710D6D /* FirebaseMLModelDownloader */; };
		4EA3125A2DF9551800710D6D /* FirebaseMessaging in Frameworks */ = {isa = PBXBuildFile; productRef = 4EA312592DF9551800710D6D /* FirebaseMessaging */; };
		4EA3125C2DF9551800710D6D /* FirebasePerformance in Frameworks */ = {isa = PBXBuildFile; productRef = 4EA3125B2DF9551800710D6D /* FirebasePerformance */; };
		4EA3125E2DF9551800710D6D /* FirebaseRemoteConfig in Frameworks */ = {isa = PBXBuildFile; productRef = 4EA3125D2DF9551800710D6D /* FirebaseRemoteConfig */; };
		4EA312602DF9551800710D6D /* FirebaseStorage in Frameworks */ = {isa = PBXBuildFile; productRef = 4EA3125F2DF9551800710D6D /* FirebaseStorage */; };
		4EA312622DF9551800710D6D /* FirebaseStorageCombine-Community in Frameworks */ = {isa = PBXBuildFile; productRef = 4EA312612DF9551800710D6D /* FirebaseStorageCombine-Community */; };
		4EA312642DF9551800710D6D /* FirebaseVertexAI in Frameworks */ = {isa = PBXBuildFile; productRef = 4EA312632DF9551800710D6D /* FirebaseVertexAI */; };
		4EA3126F2DF9657200710D6D /* GoogleSignIn in Frameworks */ = {isa = PBXBuildFile; productRef = 4EA3126E2DF9657200710D6D /* GoogleSignIn */; };
		4EA312712DF9657200710D6D /* GoogleSignInSwift in Frameworks */ = {isa = PBXBuildFile; productRef = 4EA312702DF9657200710D6D /* GoogleSignInSwift */; };
		4EA312732DF9667200710D6D /* GoogleService-Info.plist in Resources */ = {isa = PBXBuildFile; fileRef = 4EA312722DF9667200710D6D /* GoogleService-Info.plist */; };
		4EA3127A2DF9955D00710D6D /* SavedScreen.swift in Sources */ = {isa = PBXBuildFile; fileRef = 4EA312792DF9955D00710D6D /* SavedScreen.swift */; };
		4EA312892DF9A97A00710D6D /* Model.xcdatamodeld in Sources */ = {isa = PBXBuildFile; fileRef = 4EA312872DF9A97A00710D6D /* Model.xcdatamodeld */; };
		4EDF88422DF6B9FB00FF44ED /* Assets.xcassets in Resources */ = {isa = PBXBuildFile; fileRef = 4EDF883E2DF6B9FB00FF44ED /* Assets.xcassets */; };
		4EDF88432DF6B9FB00FF44ED /* APImodel.swift in Sources */ = {isa = PBXBuildFile; fileRef = 4EDF883B2DF6B9FB00FF44ED /* APImodel.swift */; };
		4EDF88442DF6B9FB00FF44ED /* NewsService.swift in Sources */ = {isa = PBXBuildFile; fileRef = 4EDF883C2DF6B9FB00FF44ED /* NewsService.swift */; };
		4EDF88452DF6B9FB00FF44ED /* HomeScreen.swift in Sources */ = {isa = PBXBuildFile; fileRef = 4EDF883F2DF6B9FB00FF44ED /* HomeScreen.swift */; };
		4EDF88462DF6B9FB00FF44ED /* NewsArticleApp.swift in Sources */ = {isa = PBXBuildFile; fileRef = 4EDF88402DF6B9FB00FF44ED /* NewsArticleApp.swift */; };
		4EDF884F2DF6D01500FF44ED /* DetailScreen.swift in Sources */ = {isa = PBXBuildFile; fileRef = 4EDF884E2DF6D01500FF44ED /* DetailScreen.swift */; };
		5E2072103F358F0DFE734F2B /* Pods_NewsArticleTests.framework in Frameworks */ = {isa = PBXBuildFile; fileRef = B417D2F683F39FBE15282C1C /* Pods_NewsArticleTests.framework */; };
		B2DA8FA1170B4816786C76D2 /* Pods_NewsArticle_NewsArticleUITests.framework in Frameworks */ = {isa = PBXBuildFile; fileRef = 1AD538348AD8F4C0863306AA /* Pods_NewsArticle_NewsArticleUITests.framework */; };
/* End PBXBuildFile section */

/* Begin PBXContainerItemProxy section */
		4EDF87FC2DF6B3C100FF44ED /* PBXContainerItemProxy */ = {
			isa = PBXContainerItemProxy;
			containerPortal = 4EDF87E62DF6B3BD00FF44ED /* Project object */;
			proxyType = 1;
			remoteGlobalIDString = 4EDF87ED2DF6B3BD00FF44ED;
			remoteInfo = NewsArticle;
		};
		4EDF88062DF6B3C100FF44ED /* PBXContainerItemProxy */ = {
			isa = PBXContainerItemProxy;
			containerPortal = 4EDF87E62DF6B3BD00FF44ED /* Project object */;
			proxyType = 1;
			remoteGlobalIDString = 4EDF87ED2DF6B3BD00FF44ED;
			remoteInfo = NewsArticle;
		};
/* End PBXContainerItemProxy section */

/* Begin PBXFileReference section */
		14307FEB7F0FEE8F935EF88B /* Pods-NewsArticleTests.debug.xcconfig */ = {isa = PBXFileReference; includeInIndex = 1; lastKnownFileType = text.xcconfig; name = "Pods-NewsArticleTests.debug.xcconfig"; path = "Target Support Files/Pods-NewsArticleTests/Pods-NewsArticleTests.debug.xcconfig"; sourceTree = "<group>"; };
		14B9203ACAE9E1075E496DDE /* Pods_NewsArticle.framework */ = {isa = PBXFileReference; explicitFileType = wrapper.framework; includeInIndex = 0; path = Pods_NewsArticle.framework; sourceTree = BUILT_PRODUCTS_DIR; };
		1AD538348AD8F4C0863306AA /* Pods_NewsArticle_NewsArticleUITests.framework */ = {isa = PBXFileReference; explicitFileType = wrapper.framework; includeInIndex = 0; path = Pods_NewsArticle_NewsArticleUITests.framework; sourceTree = BUILT_PRODUCTS_DIR; };
		4E021AC92DF6F70E005C5D32 /* SearchScreen.swift */ = {isa = PBXFileReference; lastKnownFileType = sourcecode.swift; path = SearchScreen.swift; sourceTree = "<group>"; };
		4E021ACD2DF6FDDD005C5D32 /* TabView.swift */ = {isa = PBXFileReference; lastKnownFileType = sourcecode.swift; path = TabView.swift; sourceTree = "<group>"; };
		4E021AD52DF70808005C5D32 /* LoadingView.swift */ = {isa = PBXFileReference; lastKnownFileType = sourcecode.swift; path = LoadingView.swift; sourceTree = "<group>"; };
		4E021AE12DF72075005C5D32 /* NewsCardView.swift */ = {isa = PBXFileReference; lastKnownFileType = sourcecode.swift; path = NewsCardView.swift; sourceTree = "<group>"; };
		4E021AE32DF72099005C5D32 /* TopNewsCard.swift */ = {isa = PBXFileReference; lastKnownFileType = sourcecode.swift; path = TopNewsCard.swift; sourceTree = "<group>"; };
		4E021AEB2DF73433005C5D32 /* String.swift */ = {isa = PBXFileReference; lastKnownFileType = sourcecode.swift; path = String.swift; sourceTree = "<group>"; };
		4E021AED2DF7354F005C5D32 /* TopNewsCarouselView.swift */ = {isa = PBXFileReference; lastKnownFileType = sourcecode.swift; path = TopNewsCarouselView.swift; sourceTree = "<group>"; };
		4EA312052DF7F9CD00710D6D /* SelectNewsScreen.swift */ = {isa = PBXFileReference; lastKnownFileType = sourcecode.swift; path = SelectNewsScreen.swift; sourceTree = "<group>"; };
		4EA3120A2DF7FEE700710D6D /* APIselectedCard.swift */ = {isa = PBXFileReference; lastKnownFileType = sourcecode.swift; path = APIselectedCard.swift; sourceTree = "<group>"; };
		4EA312132DF821ED00710D6D /* SIgnInScreen.swift */ = {isa = PBXFileReference; lastKnownFileType = sourcecode.swift; path = SIgnInScreen.swift; sourceTree = "<group>"; };
		4EA312212DF827F200710D6D /* CustomTextField.swift */ = {isa = PBXFileReference; lastKnownFileType = sourcecode.swift; path = CustomTextField.swift; sourceTree = "<group>"; };
		4EA312292DF8768B00710D6D /* ProfilePage.swift */ = {isa = PBXFileReference; lastKnownFileType = sourcecode.swift; path = ProfilePage.swift; sourceTree = "<group>"; };
		4EA312722DF9667200710D6D /* GoogleService-Info.plist */ = {isa = PBXFileReference; lastKnownFileType = text.plist.xml; path = "GoogleService-Info.plist"; sourceTree = "<group>"; };
		4EA312742DF966B300710D6D /* Info.plist */ = {isa = PBXFileReference; lastKnownFileType = text.plist; path = Info.plist; sourceTree = "<group>"; };
		4EA312752DF96BE200710D6D /* NewsArticle.entitlements */ = {isa = PBXFileReference; lastKnownFileType = text.plist.entitlements; path = NewsArticle.entitlements; sourceTree = "<group>"; };
		4EA312792DF9955D00710D6D /* SavedScreen.swift */ = {isa = PBXFileReference; lastKnownFileType = sourcecode.swift; path = SavedScreen.swift; sourceTree = "<group>"; };
		4EA312882DF9A97A00710D6D /* Model.xcdatamodel */ = {isa = PBXFileReference; lastKnownFileType = wrapper.xcdatamodel; path = Model.xcdatamodel; sourceTree = "<group>"; };
		4EDF87EE2DF6B3BD00FF44ED /* NewsArticle.app */ = {isa = PBXFileReference; explicitFileType = wrapper.application; includeInIndex = 0; path = NewsArticle.app; sourceTree = BUILT_PRODUCTS_DIR; };
		4EDF87FB2DF6B3C100FF44ED /* NewsArticleTests.xctest */ = {isa = PBXFileReference; explicitFileType = wrapper.cfbundle; includeInIndex = 0; path = NewsArticleTests.xctest; sourceTree = BUILT_PRODUCTS_DIR; };
		4EDF88052DF6B3C100FF44ED /* NewsArticleUITests.xctest */ = {isa = PBXFileReference; explicitFileType = wrapper.cfbundle; includeInIndex = 0; path = NewsArticleUITests.xctest; sourceTree = BUILT_PRODUCTS_DIR; };
		4EDF883B2DF6B9FB00FF44ED /* APImodel.swift */ = {isa = PBXFileReference; lastKnownFileType = sourcecode.swift; path = APImodel.swift; sourceTree = "<group>"; };
		4EDF883C2DF6B9FB00FF44ED /* NewsService.swift */ = {isa = PBXFileReference; lastKnownFileType = sourcecode.swift; path = NewsService.swift; sourceTree = "<group>"; };
		4EDF883E2DF6B9FB00FF44ED /* Assets.xcassets */ = {isa = PBXFileReference; lastKnownFileType = folder.assetcatalog; path = Assets.xcassets; sourceTree = "<group>"; };
		4EDF883F2DF6B9FB00FF44ED /* HomeScreen.swift */ = {isa = PBXFileReference; lastKnownFileType = sourcecode.swift; path = HomeScreen.swift; sourceTree = "<group>"; };
		4EDF88402DF6B9FB00FF44ED /* NewsArticleApp.swift */ = {isa = PBXFileReference; lastKnownFileType = sourcecode.swift; path = NewsArticleApp.swift; sourceTree = "<group>"; };
		4EDF884E2DF6D01500FF44ED /* DetailScreen.swift */ = {isa = PBXFileReference; lastKnownFileType = sourcecode.swift; path = DetailScreen.swift; sourceTree = "<group>"; };
		6C73BF6EDE51E7AD9DF55CBA /* Pods-NewsArticle-NewsArticleUITests.debug.xcconfig */ = {isa = PBXFileReference; includeInIndex = 1; lastKnownFileType = text.xcconfig; name = "Pods-NewsArticle-NewsArticleUITests.debug.xcconfig"; path = "Target Support Files/Pods-NewsArticle-NewsArticleUITests/Pods-NewsArticle-NewsArticleUITests.debug.xcconfig"; sourceTree = "<group>"; };
		920B8DE725B58D13E3497EF4 /* Pods-NewsArticle.release.xcconfig */ = {isa = PBXFileReference; includeInIndex = 1; lastKnownFileType = text.xcconfig; name = "Pods-NewsArticle.release.xcconfig"; path = "Target Support Files/Pods-NewsArticle/Pods-NewsArticle.release.xcconfig"; sourceTree = "<group>"; };
		A94A0F84844BAA058375654F /* Pods-NewsArticleTests.release.xcconfig */ = {isa = PBXFileReference; includeInIndex = 1; lastKnownFileType = text.xcconfig; name = "Pods-NewsArticleTests.release.xcconfig"; path = "Target Support Files/Pods-NewsArticleTests/Pods-NewsArticleTests.release.xcconfig"; sourceTree = "<group>"; };
		B417D2F683F39FBE15282C1C /* Pods_NewsArticleTests.framework */ = {isa = PBXFileReference; explicitFileType = wrapper.framework; includeInIndex = 0; path = Pods_NewsArticleTests.framework; sourceTree = BUILT_PRODUCTS_DIR; };
		CE59C3F1965A4036F0F5B40C /* Pods-NewsArticle.debug.xcconfig */ = {isa = PBXFileReference; includeInIndex = 1; lastKnownFileType = text.xcconfig; name = "Pods-NewsArticle.debug.xcconfig"; path = "Target Support Files/Pods-NewsArticle/Pods-NewsArticle.debug.xcconfig"; sourceTree = "<group>"; };
		FF716EC7795051C90C5F1CC4 /* Pods-NewsArticle-NewsArticleUITests.release.xcconfig */ = {isa = PBXFileReference; includeInIndex = 1; lastKnownFileType = text.xcconfig; name = "Pods-NewsArticle-NewsArticleUITests.release.xcconfig"; path = "Target Support Files/Pods-NewsArticle-NewsArticleUITests/Pods-NewsArticle-NewsArticleUITests.release.xcconfig"; sourceTree = "<group>"; };
/* End PBXFileReference section */

/* Begin PBXFileSystemSynchronizedRootGroup section */
		4EDF87FE2DF6B3C100FF44ED /* NewsArticleTests */ = {
			isa = PBXFileSystemSynchronizedRootGroup;
			path = NewsArticleTests;
			sourceTree = "<group>";
		};
		4EDF88082DF6B3C100FF44ED /* NewsArticleUITests */ = {
			isa = PBXFileSystemSynchronizedRootGroup;
			path = NewsArticleUITests;
			sourceTree = "<group>";
		};
/* End PBXFileSystemSynchronizedRootGroup section */

/* Begin PBXFrameworksBuildPhase section */
		4EDF87EB2DF6B3BD00FF44ED /* Frameworks */ = {
			isa = PBXFrameworksBuildPhase;
			buildActionMask = 2147483647;
			files = (
				4EA312502DF9551800710D6D /* FirebaseFunctions in Frameworks */,
				4EA312482DF9551800710D6D /* FirebaseDatabase in Frameworks */,
				4EA312362DF9551800710D6D /* FirebaseAnalyticsIdentitySupport in Frameworks */,
				4EA312602DF9551800710D6D /* FirebaseStorage in Frameworks */,
				4EA3123A2DF9551800710D6D /* FirebaseAnalyticsWithoutAdIdSupport in Frameworks */,
				4EA312442DF9551800710D6D /* FirebaseCore in Frameworks */,
				4EA312322DF9551800710D6D /* FirebaseAnalytics in Frameworks */,
				4EA312582DF9551800710D6D /* FirebaseMLModelDownloader in Frameworks */,
				4EA3124A2DF9551800710D6D /* FirebaseDynamicLinks in Frameworks */,
				4EA3126F2DF9657200710D6D /* GoogleSignIn in Frameworks */,
				4EA312382DF9551800710D6D /* FirebaseAnalyticsOnDeviceConversion in Frameworks */,
				4EA312402DF9551800710D6D /* FirebaseAuth in Frameworks */,
				4EA3124C2DF9551800710D6D /* FirebaseFirestore in Frameworks */,
				4EA3124E2DF9551800710D6D /* FirebaseFirestoreCombine-Community in Frameworks */,
				4EA312642DF9551800710D6D /* FirebaseVertexAI in Frameworks */,
				4EA312712DF9657200710D6D /* GoogleSignInSwift in Frameworks */,
				4EA312542DF9551800710D6D /* FirebaseInAppMessaging-Beta in Frameworks */,
				4EA312522DF9551800710D6D /* FirebaseFunctionsCombine-Community in Frameworks */,
				4EA3123C2DF9551800710D6D /* FirebaseAppCheck in Frameworks */,
				4EA312622DF9551800710D6D /* FirebaseStorageCombine-Community in Frameworks */,
				4EA3125E2DF9551800710D6D /* FirebaseRemoteConfig in Frameworks */,
				4EA312342DF9551800710D6D /* FirebaseAnalyticsCore in Frameworks */,
				4EA312302DF9551800710D6D /* FirebaseAI in Frameworks */,
				4EA3125C2DF9551800710D6D /* FirebasePerformance in Frameworks */,
				4EA312462DF9551800710D6D /* FirebaseCrashlytics in Frameworks */,
				4EA3123E2DF9551800710D6D /* FirebaseAppDistribution-Beta in Frameworks */,
				4EA312422DF9551800710D6D /* FirebaseAuthCombine-Community in Frameworks */,
				4EA3125A2DF9551800710D6D /* FirebaseMessaging in Frameworks */,
				4EA312562DF9551800710D6D /* FirebaseInstallations in Frameworks */,
				03E462BC6A0C852EA4F6EF74 /* Pods_NewsArticle.framework in Frameworks */,
			);
			runOnlyForDeploymentPostprocessing = 0;
		};
		4EDF87F82DF6B3C100FF44ED /* Frameworks */ = {
			isa = PBXFrameworksBuildPhase;
			buildActionMask = 2147483647;
			files = (
				5E2072103F358F0DFE734F2B /* Pods_NewsArticleTests.framework in Frameworks */,
			);
			runOnlyForDeploymentPostprocessing = 0;
		};
		4EDF88022DF6B3C100FF44ED /* Frameworks */ = {
			isa = PBXFrameworksBuildPhase;
			buildActionMask = 2147483647;
			files = (
				B2DA8FA1170B4816786C76D2 /* Pods_NewsArticle_NewsArticleUITests.framework in Frameworks */,
			);
			runOnlyForDeploymentPostprocessing = 0;
		};
/* End PBXFrameworksBuildPhase section */

/* Begin PBXGroup section */
		4E021AD72DF7092E005C5D32 /* ViewModel */ = {
			isa = PBXGroup;
			children = (
				4EDF884C2DF6C1A800FF44ED /* HomeCards */,
				4E021AD52DF70808005C5D32 /* LoadingView.swift */,
			);
			path = ViewModel;
			sourceTree = "<group>";
		};
		4E021ADA2DF7095D005C5D32 /* View */ = {
			isa = PBXGroup;
			children = (
				4EA312782DF9953E00710D6D /* SavedScreen */,
				4E021ACD2DF6FDDD005C5D32 /* TabView.swift */,
				4EA312122DF821C600710D6D /* SIgnInScreen */,
				4EA312092DF7FA2900710D6D /* FirstPage */,
				4EDF884B2DF6C14700FF44ED /* HomePage */,
				4EA312082DF7F9ED00710D6D /* detailScreen */,
				4EA312072DF7F9D500710D6D /* SearchScreen */,
				4EA3122B2DF8769E00710D6D /* ProfilePage */,
			);
			path = View;
			sourceTree = "<group>";
		};
		4EA312072DF7F9D500710D6D /* SearchScreen */ = {
			isa = PBXGroup;
			children = (
				4E021AC92DF6F70E005C5D32 /* SearchScreen.swift */,
			);
			path = SearchScreen;
			sourceTree = "<group>";
		};
		4EA312082DF7F9ED00710D6D /* detailScreen */ = {
			isa = PBXGroup;
			children = (
				4EDF884E2DF6D01500FF44ED /* DetailScreen.swift */,
			);
			path = detailScreen;
			sourceTree = "<group>";
		};
		4EA312092DF7FA2900710D6D /* FirstPage */ = {
			isa = PBXGroup;
			children = (
				4EA312052DF7F9CD00710D6D /* SelectNewsScreen.swift */,
				4EA3120A2DF7FEE700710D6D /* APIselectedCard.swift */,
			);
			path = FirstPage;
			sourceTree = "<group>";
		};
		4EA312122DF821C600710D6D /* SIgnInScreen */ = {
			isa = PBXGroup;
			children = (
				4EA312132DF821ED00710D6D /* SIgnInScreen.swift */,
				4EA312212DF827F200710D6D /* CustomTextField.swift */,
			);
			path = SIgnInScreen;
			sourceTree = "<group>";
		};
		4EA3122B2DF8769E00710D6D /* ProfilePage */ = {
			isa = PBXGroup;
			children = (
				4EA312292DF8768B00710D6D /* ProfilePage.swift */,
			);
			path = ProfilePage;
			sourceTree = "<group>";
		};
		4EA312782DF9953E00710D6D /* SavedScreen */ = {
			isa = PBXGroup;
			children = (
				4EA312792DF9955D00710D6D /* SavedScreen.swift */,
			);
			path = SavedScreen;
			sourceTree = "<group>";
		};
		4EDF87E52DF6B3BD00FF44ED = {
			isa = PBXGroup;
			children = (
				4EDF88412DF6B9FB00FF44ED /* NewsArticle */,
				4EDF87FE2DF6B3C100FF44ED /* NewsArticleTests */,
				4EDF88082DF6B3C100FF44ED /* NewsArticleUITests */,
				4EDF87EF2DF6B3BD00FF44ED /* Products */,
				F0F9507A4F1F72FB206F1D04 /* Pods */,
				F0852C9A323C5B9BD998E1A8 /* Frameworks */,
			);
			sourceTree = "<group>";
		};
		4EDF87EF2DF6B3BD00FF44ED /* Products */ = {
			isa = PBXGroup;
			children = (
				4EDF87EE2DF6B3BD00FF44ED /* NewsArticle.app */,
				4EDF87FB2DF6B3C100FF44ED /* NewsArticleTests.xctest */,
				4EDF88052DF6B3C100FF44ED /* NewsArticleUITests.xctest */,
			);
			name = Products;
			sourceTree = "<group>";
		};
		4EDF883D2DF6B9FB00FF44ED /* API model */ = {
			isa = PBXGroup;
			children = (
				4EDF883B2DF6B9FB00FF44ED /* APImodel.swift */,
				4EDF883C2DF6B9FB00FF44ED /* NewsService.swift */,
			);
			path = "API model";
			sourceTree = "<group>";
		};
		4EDF88412DF6B9FB00FF44ED /* NewsArticle */ = {
			isa = PBXGroup;
			children = (
				4EA312752DF96BE200710D6D /* NewsArticle.entitlements */,
				4EA312742DF966B300710D6D /* Info.plist */,
				4EDF88402DF6B9FB00FF44ED /* NewsArticleApp.swift */,
				4EDF883D2DF6B9FB00FF44ED /* API model */,
				4E021ADA2DF7095D005C5D32 /* View */,
				4E021AD72DF7092E005C5D32 /* ViewModel */,
				4EDF883E2DF6B9FB00FF44ED /* Assets.xcassets */,
				4EA312722DF9667200710D6D /* GoogleService-Info.plist */,
				4EA312872DF9A97A00710D6D /* Model.xcdatamodeld */,
			);
			path = NewsArticle;
			sourceTree = "<group>";
		};
		4EDF884B2DF6C14700FF44ED /* HomePage */ = {
			isa = PBXGroup;
			children = (
				4EDF883F2DF6B9FB00FF44ED /* HomeScreen.swift */,
			);
			path = HomePage;
			sourceTree = "<group>";
		};
		4EDF884C2DF6C1A800FF44ED /* HomeCards */ = {
			isa = PBXGroup;
			children = (
				4E021AE32DF72099005C5D32 /* TopNewsCard.swift */,
				4E021AEB2DF73433005C5D32 /* String.swift */,
				4E021AE12DF72075005C5D32 /* NewsCardView.swift */,
				4E021AED2DF7354F005C5D32 /* TopNewsCarouselView.swift */,
			);
			path = HomeCards;
			sourceTree = "<group>";
		};
		F0852C9A323C5B9BD998E1A8 /* Frameworks */ = {
			isa = PBXGroup;
			children = (
				14B9203ACAE9E1075E496DDE /* Pods_NewsArticle.framework */,
				1AD538348AD8F4C0863306AA /* Pods_NewsArticle_NewsArticleUITests.framework */,
				B417D2F683F39FBE15282C1C /* Pods_NewsArticleTests.framework */,
			);
			name = Frameworks;
			sourceTree = "<group>";
		};
		F0F9507A4F1F72FB206F1D04 /* Pods */ = {
			isa = PBXGroup;
			children = (
				CE59C3F1965A4036F0F5B40C /* Pods-NewsArticle.debug.xcconfig */,
				920B8DE725B58D13E3497EF4 /* Pods-NewsArticle.release.xcconfig */,
				6C73BF6EDE51E7AD9DF55CBA /* Pods-NewsArticle-NewsArticleUITests.debug.xcconfig */,
				FF716EC7795051C90C5F1CC4 /* Pods-NewsArticle-NewsArticleUITests.release.xcconfig */,
				14307FEB7F0FEE8F935EF88B /* Pods-NewsArticleTests.debug.xcconfig */,
				A94A0F84844BAA058375654F /* Pods-NewsArticleTests.release.xcconfig */,
			);
			path = Pods;
			sourceTree = "<group>";
		};
/* End PBXGroup section */

/* Begin PBXNativeTarget section */
		4EDF87ED2DF6B3BD00FF44ED /* NewsArticle */ = {
			isa = PBXNativeTarget;
			buildConfigurationList = 4EDF880F2DF6B3C100FF44ED /* Build configuration list for PBXNativeTarget "NewsArticle" */;
			buildPhases = (
				C548E16E4172DE9DF1AD4677 /* [CP] Check Pods Manifest.lock */,
				4EDF87EA2DF6B3BD00FF44ED /* Sources */,
				4EDF87EB2DF6B3BD00FF44ED /* Frameworks */,
				4EDF87EC2DF6B3BD00FF44ED /* Resources */,
			);
			buildRules = (
			);
			dependencies = (
			);
			name = NewsArticle;
			packageProductDependencies = (
				4EA3122F2DF9551800710D6D /* FirebaseAI */,
				4EA312312DF9551800710D6D /* FirebaseAnalytics */,
				4EA312332DF9551800710D6D /* FirebaseAnalyticsCore */,
				4EA312352DF9551800710D6D /* FirebaseAnalyticsIdentitySupport */,
				4EA312372DF9551800710D6D /* FirebaseAnalyticsOnDeviceConversion */,
				4EA312392DF9551800710D6D /* FirebaseAnalyticsWithoutAdIdSupport */,
				4EA3123B2DF9551800710D6D /* FirebaseAppCheck */,
				4EA3123D2DF9551800710D6D /* FirebaseAppDistribution-Beta */,
				4EA3123F2DF9551800710D6D /* FirebaseAuth */,
				4EA312412DF9551800710D6D /* FirebaseAuthCombine-Community */,
				4EA312432DF9551800710D6D /* FirebaseCore */,
				4EA312452DF9551800710D6D /* FirebaseCrashlytics */,
				4EA312472DF9551800710D6D /* FirebaseDatabase */,
				4EA312492DF9551800710D6D /* FirebaseDynamicLinks */,
				4EA3124B2DF9551800710D6D /* FirebaseFirestore */,
				4EA3124D2DF9551800710D6D /* FirebaseFirestoreCombine-Community */,
				4EA3124F2DF9551800710D6D /* FirebaseFunctions */,
				4EA312512DF9551800710D6D /* FirebaseFunctionsCombine-Community */,
				4EA312532DF9551800710D6D /* FirebaseInAppMessaging-Beta */,
				4EA312552DF9551800710D6D /* FirebaseInstallations */,
				4EA312572DF9551800710D6D /* FirebaseMLModelDownloader */,
				4EA312592DF9551800710D6D /* FirebaseMessaging */,
				4EA3125B2DF9551800710D6D /* FirebasePerformance */,
				4EA3125D2DF9551800710D6D /* FirebaseRemoteConfig */,
				4EA3125F2DF9551800710D6D /* FirebaseStorage */,
				4EA312612DF9551800710D6D /* FirebaseStorageCombine-Community */,
				4EA312632DF9551800710D6D /* FirebaseVertexAI */,
				4EA3126E2DF9657200710D6D /* GoogleSignIn */,
				4EA312702DF9657200710D6D /* GoogleSignInSwift */,
			);
			productName = NewsArticle;
			productReference = 4EDF87EE2DF6B3BD00FF44ED /* NewsArticle.app */;
			productType = "com.apple.product-type.application";
		};
		4EDF87FA2DF6B3C100FF44ED /* NewsArticleTests */ = {
			isa = PBXNativeTarget;
			buildConfigurationList = 4EDF88122DF6B3C100FF44ED /* Build configuration list for PBXNativeTarget "NewsArticleTests" */;
			buildPhases = (
				49CED670EDD607CBFB88191A /* [CP] Check Pods Manifest.lock */,
				4EDF87F72DF6B3C100FF44ED /* Sources */,
				4EDF87F82DF6B3C100FF44ED /* Frameworks */,
				4EDF87F92DF6B3C100FF44ED /* Resources */,
			);
			buildRules = (
			);
			dependencies = (
				4EDF87FD2DF6B3C100FF44ED /* PBXTargetDependency */,
			);
			fileSystemSynchronizedGroups = (
				4EDF87FE2DF6B3C100FF44ED /* NewsArticleTests */,
			);
			name = NewsArticleTests;
			productName = NewsArticleTests;
			productReference = 4EDF87FB2DF6B3C100FF44ED /* NewsArticleTests.xctest */;
			productType = "com.apple.product-type.bundle.unit-test";
		};
		4EDF88042DF6B3C100FF44ED /* NewsArticleUITests */ = {
			isa = PBXNativeTarget;
			buildConfigurationList = 4EDF88152DF6B3C100FF44ED /* Build configuration list for PBXNativeTarget "NewsArticleUITests" */;
			buildPhases = (
				7AFEB0B1C899596B5924CE24 /* [CP] Check Pods Manifest.lock */,
				4EDF88012DF6B3C100FF44ED /* Sources */,
				4EDF88022DF6B3C100FF44ED /* Frameworks */,
				4EDF88032DF6B3C100FF44ED /* Resources */,
			);
			buildRules = (
			);
			dependencies = (
				4EDF88072DF6B3C100FF44ED /* PBXTargetDependency */,
			);
			fileSystemSynchronizedGroups = (
				4EDF88082DF6B3C100FF44ED /* NewsArticleUITests */,
			);
			name = NewsArticleUITests;
			productName = NewsArticleUITests;
			productReference = 4EDF88052DF6B3C100FF44ED /* NewsArticleUITests.xctest */;
			productType = "com.apple.product-type.bundle.ui-testing";
		};
/* End PBXNativeTarget section */

/* Begin PBXProject section */
		4EDF87E62DF6B3BD00FF44ED /* Project object */ = {
			isa = PBXProject;
			attributes = {
				BuildIndependentTargetsInParallel = 1;
				LastSwiftUpdateCheck = 1640;
				LastUpgradeCheck = 1640;
				TargetAttributes = {
					4EDF87ED2DF6B3BD00FF44ED = {
						CreatedOnToolsVersion = 16.4;
					};
					4EDF87FA2DF6B3C100FF44ED = {
						CreatedOnToolsVersion = 16.4;
						TestTargetID = 4EDF87ED2DF6B3BD00FF44ED;
					};
					4EDF88042DF6B3C100FF44ED = {
						CreatedOnToolsVersion = 16.4;
						TestTargetID = 4EDF87ED2DF6B3BD00FF44ED;
					};
				};
			};
			buildConfigurationList = 4EDF87E92DF6B3BD00FF44ED /* Build configuration list for PBXProject "NewsArticle" */;
			developmentRegion = en;
			hasScannedForEncodings = 0;
			knownRegions = (
				en,
				Base,
			);
			mainGroup = 4EDF87E52DF6B3BD00FF44ED;
			minimizedProjectReferenceProxies = 1;
			packageReferences = (
				4EA3122E2DF9551800710D6D /* XCRemoteSwiftPackageReference "firebase-ios-sdk" */,
				4EA3126D2DF9657200710D6D /* XCRemoteSwiftPackageReference "GoogleSignIn-iOS" */,
			);
			preferredProjectObjectVersion = 77;
			productRefGroup = 4EDF87EF2DF6B3BD00FF44ED /* Products */;
			projectDirPath = "";
			projectRoot = "";
			targets = (
				4EDF87ED2DF6B3BD00FF44ED /* NewsArticle */,
				4EDF87FA2DF6B3C100FF44ED /* NewsArticleTests */,
				4EDF88042DF6B3C100FF44ED /* NewsArticleUITests */,
			);
		};
/* End PBXProject section */

/* Begin PBXResourcesBuildPhase section */
		4EDF87EC2DF6B3BD00FF44ED /* Resources */ = {
			isa = PBXResourcesBuildPhase;
			buildActionMask = 2147483647;
			files = (
				4EA312732DF9667200710D6D /* GoogleService-Info.plist in Resources */,
				4EDF88422DF6B9FB00FF44ED /* Assets.xcassets in Resources */,
			);
			runOnlyForDeploymentPostprocessing = 0;
		};
		4EDF87F92DF6B3C100FF44ED /* Resources */ = {
			isa = PBXResourcesBuildPhase;
			buildActionMask = 2147483647;
			files = (
			);
			runOnlyForDeploymentPostprocessing = 0;
		};
		4EDF88032DF6B3C100FF44ED /* Resources */ = {
			isa = PBXResourcesBuildPhase;
			buildActionMask = 2147483647;
			files = (
			);
			runOnlyForDeploymentPostprocessing = 0;
		};
/* End PBXResourcesBuildPhase section */

/* Begin PBXShellScriptBuildPhase section */
		49CED670EDD607CBFB88191A /* [CP] Check Pods Manifest.lock */ = {
			isa = PBXShellScriptBuildPhase;
			buildActionMask = 2147483647;
			files = (
			);
			inputFileListPaths = (
			);
			inputPaths = (
				"${PODS_PODFILE_DIR_PATH}/Podfile.lock",
				"${PODS_ROOT}/Manifest.lock",
			);
			name = "[CP] Check Pods Manifest.lock";
			outputFileListPaths = (
			);
			outputPaths = (
				"$(DERIVED_FILE_DIR)/Pods-NewsArticleTests-checkManifestLockResult.txt",
			);
			runOnlyForDeploymentPostprocessing = 0;
			shellPath = /bin/sh;
			shellScript = "diff \"${PODS_PODFILE_DIR_PATH}/Podfile.lock\" \"${PODS_ROOT}/Manifest.lock\" > /dev/null\nif [ $? != 0 ] ; then\n    # print error to STDERR\n    echo \"error: The sandbox is not in sync with the Podfile.lock. Run 'pod install' or update your CocoaPods installation.\" >&2\n    exit 1\nfi\n# This output is used by Xcode 'outputs' to avoid re-running this script phase.\necho \"SUCCESS\" > \"${SCRIPT_OUTPUT_FILE_0}\"\n";
			showEnvVarsInLog = 0;
		};
		7AFEB0B1C899596B5924CE24 /* [CP] Check Pods Manifest.lock */ = {
			isa = PBXShellScriptBuildPhase;
			buildActionMask = 2147483647;
			files = (
			);
			inputFileListPaths = (
			);
			inputPaths = (
				"${PODS_PODFILE_DIR_PATH}/Podfile.lock",
				"${PODS_ROOT}/Manifest.lock",
			);
			name = "[CP] Check Pods Manifest.lock";
			outputFileListPaths = (
			);
			outputPaths = (
				"$(DERIVED_FILE_DIR)/Pods-NewsArticle-NewsArticleUITests-checkManifestLockResult.txt",
			);
			runOnlyForDeploymentPostprocessing = 0;
			shellPath = /bin/sh;
			shellScript = "diff \"${PODS_PODFILE_DIR_PATH}/Podfile.lock\" \"${PODS_ROOT}/Manifest.lock\" > /dev/null\nif [ $? != 0 ] ; then\n    # print error to STDERR\n    echo \"error: The sandbox is not in sync with the Podfile.lock. Run 'pod install' or update your CocoaPods installation.\" >&2\n    exit 1\nfi\n# This output is used by Xcode 'outputs' to avoid re-running this script phase.\necho \"SUCCESS\" > \"${SCRIPT_OUTPUT_FILE_0}\"\n";
			showEnvVarsInLog = 0;
		};
		C548E16E4172DE9DF1AD4677 /* [CP] Check Pods Manifest.lock */ = {
			isa = PBXShellScriptBuildPhase;
			buildActionMask = 2147483647;
			files = (
			);
			inputFileListPaths = (
			);
			inputPaths = (
				"${PODS_PODFILE_DIR_PATH}/Podfile.lock",
				"${PODS_ROOT}/Manifest.lock",
			);
			name = "[CP] Check Pods Manifest.lock";
			outputFileListPaths = (
			);
			outputPaths = (
				"$(DERIVED_FILE_DIR)/Pods-NewsArticle-checkManifestLockResult.txt",
			);
			runOnlyForDeploymentPostprocessing = 0;
			shellPath = /bin/sh;
			shellScript = "diff \"${PODS_PODFILE_DIR_PATH}/Podfile.lock\" \"${PODS_ROOT}/Manifest.lock\" > /dev/null\nif [ $? != 0 ] ; then\n    # print error to STDERR\n    echo \"error: The sandbox is not in sync with the Podfile.lock. Run 'pod install' or update your CocoaPods installation.\" >&2\n    exit 1\nfi\n# This output is used by Xcode 'outputs' to avoid re-running this script phase.\necho \"SUCCESS\" > \"${SCRIPT_OUTPUT_FILE_0}\"\n";
			showEnvVarsInLog = 0;
		};
/* End PBXShellScriptBuildPhase section */

/* Begin PBXSourcesBuildPhase section */
		4EDF87EA2DF6B3BD00FF44ED /* Sources */ = {
			isa = PBXSourcesBuildPhase;
			buildActionMask = 2147483647;
			files = (
				4E021AE22DF72075005C5D32 /* NewsCardView.swift in Sources */,
				4E021AEC2DF73433005C5D32 /* String.swift in Sources */,
				4EDF88432DF6B9FB00FF44ED /* APImodel.swift in Sources */,
				4E021AD62DF70808005C5D32 /* LoadingView.swift in Sources */,
				4EA312222DF827F200710D6D /* CustomTextField.swift in Sources */,
				4EA3127A2DF9955D00710D6D /* SavedScreen.swift in Sources */,
				4E021ACA2DF6F70E005C5D32 /* SearchScreen.swift in Sources */,
				4EDF88442DF6B9FB00FF44ED /* NewsService.swift in Sources */,
				4EDF88452DF6B9FB00FF44ED /* HomeScreen.swift in Sources */,
				4EDF884F2DF6D01500FF44ED /* DetailScreen.swift in Sources */,
				4EDF88462DF6B9FB00FF44ED /* NewsArticleApp.swift in Sources */,
				4EA3122A2DF8768B00710D6D /* ProfilePage.swift in Sources */,
				4E021AEE2DF7354F005C5D32 /* TopNewsCarouselView.swift in Sources */,
				4EA312062DF7F9CD00710D6D /* SelectNewsScreen.swift in Sources */,
				4EA312142DF821ED00710D6D /* SIgnInScreen.swift in Sources */,
				4EA3120B2DF7FEE700710D6D /* APIselectedCard.swift in Sources */,
				4E021AE42DF72099005C5D32 /* TopNewsCard.swift in Sources */,
				4EA312892DF9A97A00710D6D /* Model.xcdatamodeld in Sources */,
				4E021ACE2DF6FDDD005C5D32 /* TabView.swift in Sources */,
			);
			runOnlyForDeploymentPostprocessing = 0;
		};
		4EDF87F72DF6B3C100FF44ED /* Sources */ = {
			isa = PBXSourcesBuildPhase;
			buildActionMask = 2147483647;
			files = (
			);
			runOnlyForDeploymentPostprocessing = 0;
		};
		4EDF88012DF6B3C100FF44ED /* Sources */ = {
			isa = PBXSourcesBuildPhase;
			buildActionMask = 2147483647;
			files = (
			);
			runOnlyForDeploymentPostprocessing = 0;
		};
/* End PBXSourcesBuildPhase section */

/* Begin PBXTargetDependency section */
		4EDF87FD2DF6B3C100FF44ED /* PBXTargetDependency */ = {
			isa = PBXTargetDependency;
			target = 4EDF87ED2DF6B3BD00FF44ED /* NewsArticle */;
			targetProxy = 4EDF87FC2DF6B3C100FF44ED /* PBXContainerItemProxy */;
		};
		4EDF88072DF6B3C100FF44ED /* PBXTargetDependency */ = {
			isa = PBXTargetDependency;
			target = 4EDF87ED2DF6B3BD00FF44ED /* NewsArticle */;
			targetProxy = 4EDF88062DF6B3C100FF44ED /* PBXContainerItemProxy */;
		};
/* End PBXTargetDependency section */

/* Begin XCBuildConfiguration section */
		4EDF880D2DF6B3C100FF44ED /* Debug */ = {
			isa = XCBuildConfiguration;
			buildSettings = {
				ALWAYS_SEARCH_USER_PATHS = NO;
				ASSETCATALOG_COMPILER_GENERATE_SWIFT_ASSET_SYMBOL_EXTENSIONS = YES;
				CLANG_ANALYZER_NONNULL = YES;
				CLANG_ANALYZER_NUMBER_OBJECT_CONVERSION = YES_AGGRESSIVE;
				CLANG_CXX_LANGUAGE_STANDARD = "gnu++20";
				CLANG_ENABLE_MODULES = YES;
				CLANG_ENABLE_OBJC_ARC = YES;
				CLANG_ENABLE_OBJC_WEAK = YES;
				CLANG_WARN_BLOCK_CAPTURE_AUTORELEASING = YES;
				CLANG_WARN_BOOL_CONVERSION = YES;
				CLANG_WARN_COMMA = YES;
				CLANG_WARN_CONSTANT_CONVERSION = YES;
				CLANG_WARN_DEPRECATED_OBJC_IMPLEMENTATIONS = YES;
				CLANG_WARN_DIRECT_OBJC_ISA_USAGE = YES_ERROR;
				CLANG_WARN_DOCUMENTATION_COMMENTS = YES;
				CLANG_WARN_EMPTY_BODY = YES;
				CLANG_WARN_ENUM_CONVERSION = YES;
				CLANG_WARN_INFINITE_RECURSION = YES;
				CLANG_WARN_INT_CONVERSION = YES;
				CLANG_WARN_NON_LITERAL_NULL_CONVERSION = YES;
				CLANG_WARN_OBJC_IMPLICIT_RETAIN_SELF = YES;
				CLANG_WARN_OBJC_LITERAL_CONVERSION = YES;
				CLANG_WARN_OBJC_ROOT_CLASS = YES_ERROR;
				CLANG_WARN_QUOTED_INCLUDE_IN_FRAMEWORK_HEADER = YES;
				CLANG_WARN_RANGE_LOOP_ANALYSIS = YES;
				CLANG_WARN_STRICT_PROTOTYPES = YES;
				CLANG_WARN_SUSPICIOUS_MOVE = YES;
				CLANG_WARN_UNGUARDED_AVAILABILITY = YES_AGGRESSIVE;
				CLANG_WARN_UNREACHABLE_CODE = YES;
				CLANG_WARN__DUPLICATE_METHOD_MATCH = YES;
				COPY_PHASE_STRIP = NO;
				DEBUG_INFORMATION_FORMAT = dwarf;
				DEVELOPMENT_TEAM = H2C4R2VE3A;
				ENABLE_STRICT_OBJC_MSGSEND = YES;
				ENABLE_TESTABILITY = YES;
				ENABLE_USER_SCRIPT_SANDBOXING = YES;
				GCC_C_LANGUAGE_STANDARD = gnu17;
				GCC_DYNAMIC_NO_PIC = NO;
				GCC_NO_COMMON_BLOCKS = YES;
				GCC_OPTIMIZATION_LEVEL = 0;
				GCC_PREPROCESSOR_DEFINITIONS = (
					"DEBUG=1",
					"$(inherited)",
				);
				GCC_WARN_64_TO_32_BIT_CONVERSION = YES;
				GCC_WARN_ABOUT_RETURN_TYPE = YES_ERROR;
				GCC_WARN_UNDECLARED_SELECTOR = YES;
				GCC_WARN_UNINITIALIZED_AUTOS = YES_AGGRESSIVE;
				GCC_WARN_UNUSED_FUNCTION = YES;
				GCC_WARN_UNUSED_VARIABLE = YES;
				IPHONEOS_DEPLOYMENT_TARGET = 18.5;
				LOCALIZATION_PREFERS_STRING_CATALOGS = YES;
				MTL_ENABLE_DEBUG_INFO = INCLUDE_SOURCE;
				MTL_FAST_MATH = YES;
				ONLY_ACTIVE_ARCH = YES;
				SDKROOT = iphoneos;
				SWIFT_ACTIVE_COMPILATION_CONDITIONS = "DEBUG $(inherited)";
				SWIFT_OPTIMIZATION_LEVEL = "-Onone";
			};
			name = Debug;
		};
		4EDF880E2DF6B3C100FF44ED /* Release */ = {
			isa = XCBuildConfiguration;
			buildSettings = {
				ALWAYS_SEARCH_USER_PATHS = NO;
				ASSETCATALOG_COMPILER_GENERATE_SWIFT_ASSET_SYMBOL_EXTENSIONS = YES;
				CLANG_ANALYZER_NONNULL = YES;
				CLANG_ANALYZER_NUMBER_OBJECT_CONVERSION = YES_AGGRESSIVE;
				CLANG_CXX_LANGUAGE_STANDARD = "gnu++20";
				CLANG_ENABLE_MODULES = YES;
				CLANG_ENABLE_OBJC_ARC = YES;
				CLANG_ENABLE_OBJC_WEAK = YES;
				CLANG_WARN_BLOCK_CAPTURE_AUTORELEASING = YES;
				CLANG_WARN_BOOL_CONVERSION = YES;
				CLANG_WARN_COMMA = YES;
				CLANG_WARN_CONSTANT_CONVERSION = YES;
				CLANG_WARN_DEPRECATED_OBJC_IMPLEMENTATIONS = YES;
				CLANG_WARN_DIRECT_OBJC_ISA_USAGE = YES_ERROR;
				CLANG_WARN_DOCUMENTATION_COMMENTS = YES;
				CLANG_WARN_EMPTY_BODY = YES;
				CLANG_WARN_ENUM_CONVERSION = YES;
				CLANG_WARN_INFINITE_RECURSION = YES;
				CLANG_WARN_INT_CONVERSION = YES;
				CLANG_WARN_NON_LITERAL_NULL_CONVERSION = YES;
				CLANG_WARN_OBJC_IMPLICIT_RETAIN_SELF = YES;
				CLANG_WARN_OBJC_LITERAL_CONVERSION = YES;
				CLANG_WARN_OBJC_ROOT_CLASS = YES_ERROR;
				CLANG_WARN_QUOTED_INCLUDE_IN_FRAMEWORK_HEADER = YES;
				CLANG_WARN_RANGE_LOOP_ANALYSIS = YES;
				CLANG_WARN_STRICT_PROTOTYPES = YES;
				CLANG_WARN_SUSPICIOUS_MOVE = YES;
				CLANG_WARN_UNGUARDED_AVAILABILITY = YES_AGGRESSIVE;
				CLANG_WARN_UNREACHABLE_CODE = YES;
				CLANG_WARN__DUPLICATE_METHOD_MATCH = YES;
				COPY_PHASE_STRIP = NO;
				DEBUG_INFORMATION_FORMAT = "dwarf-with-dsym";
				DEVELOPMENT_TEAM = H2C4R2VE3A;
				ENABLE_NS_ASSERTIONS = NO;
				ENABLE_STRICT_OBJC_MSGSEND = YES;
				ENABLE_USER_SCRIPT_SANDBOXING = YES;
				GCC_C_LANGUAGE_STANDARD = gnu17;
				GCC_NO_COMMON_BLOCKS = YES;
				GCC_WARN_64_TO_32_BIT_CONVERSION = YES;
				GCC_WARN_ABOUT_RETURN_TYPE = YES_ERROR;
				GCC_WARN_UNDECLARED_SELECTOR = YES;
				GCC_WARN_UNINITIALIZED_AUTOS = YES_AGGRESSIVE;
				GCC_WARN_UNUSED_FUNCTION = YES;
				GCC_WARN_UNUSED_VARIABLE = YES;
				IPHONEOS_DEPLOYMENT_TARGET = 18.5;
				LOCALIZATION_PREFERS_STRING_CATALOGS = YES;
				MTL_ENABLE_DEBUG_INFO = NO;
				MTL_FAST_MATH = YES;
				SDKROOT = iphoneos;
				SWIFT_COMPILATION_MODE = wholemodule;
				VALIDATE_PRODUCT = YES;
			};
			name = Release;
		};
		4EDF88102DF6B3C100FF44ED /* Debug */ = {
			isa = XCBuildConfiguration;
			baseConfigurationReference = CE59C3F1965A4036F0F5B40C /* Pods-NewsArticle.debug.xcconfig */;
			buildSettings = {
				ASSETCATALOG_COMPILER_APPICON_NAME = AppIcon;
				ASSETCATALOG_COMPILER_GLOBAL_ACCENT_COLOR_NAME = AccentColor;
				CODE_SIGN_ENTITLEMENTS = NewsArticle/NewsArticle.entitlements;
				CODE_SIGN_STYLE = Automatic;
				CURRENT_PROJECT_VERSION = 1;
				DEVELOPMENT_TEAM = H2C4R2VE3A;
				ENABLE_PREVIEWS = YES;
				GENERATE_INFOPLIST_FILE = YES;
				INFOPLIST_FILE = NewsArticle/Info.plist;
				INFOPLIST_KEY_UIApplicationSceneManifest_Generation = YES;
				INFOPLIST_KEY_UIApplicationSupportsIndirectInputEvents = YES;
				INFOPLIST_KEY_UILaunchScreen_Generation = YES;
				INFOPLIST_KEY_UISupportedInterfaceOrientations_iPad = "UIInterfaceOrientationPortrait UIInterfaceOrientationPortraitUpsideDown UIInterfaceOrientationLandscapeLeft UIInterfaceOrientationLandscapeRight";
				INFOPLIST_KEY_UISupportedInterfaceOrientations_iPhone = "UIInterfaceOrientationPortrait UIInterfaceOrientationLandscapeLeft UIInterfaceOrientationLandscapeRight";
				IPHONEOS_DEPLOYMENT_TARGET = 16.6;
				LD_RUNPATH_SEARCH_PATHS = (
					"$(inherited)",
					"@executable_path/Frameworks",
				);
				MARKETING_VERSION = 1.0;
				PRODUCT_BUNDLE_IDENTIFIER = com.JustCheck.NewsArticle;
				PRODUCT_NAME = "$(TARGET_NAME)";
				SWIFT_EMIT_LOC_STRINGS = YES;
				SWIFT_VERSION = 5.0;
				TARGETED_DEVICE_FAMILY = "1,2";
			};
			name = Debug;
		};
		4EDF88112DF6B3C100FF44ED /* Release */ = {
			isa = XCBuildConfiguration;
			baseConfigurationReference = 920B8DE725B58D13E3497EF4 /* Pods-NewsArticle.release.xcconfig */;
			buildSettings = {
				ASSETCATALOG_COMPILER_APPICON_NAME = AppIcon;
				ASSETCATALOG_COMPILER_GLOBAL_ACCENT_COLOR_NAME = AccentColor;
				CODE_SIGN_ENTITLEMENTS = NewsArticle/NewsArticle.entitlements;
				CODE_SIGN_STYLE = Automatic;
				CURRENT_PROJECT_VERSION = 1;
				DEVELOPMENT_TEAM = H2C4R2VE3A;
				ENABLE_PREVIEWS = YES;
				GENERATE_INFOPLIST_FILE = YES;
				INFOPLIST_FILE = NewsArticle/Info.plist;
				INFOPLIST_KEY_UIApplicationSceneManifest_Generation = YES;
				INFOPLIST_KEY_UIApplicationSupportsIndirectInputEvents = YES;
				INFOPLIST_KEY_UILaunchScreen_Generation = YES;
				INFOPLIST_KEY_UISupportedInterfaceOrientations_iPad = "UIInterfaceOrientationPortrait UIInterfaceOrientationPortraitUpsideDown UIInterfaceOrientationLandscapeLeft UIInterfaceOrientationLandscapeRight";
				INFOPLIST_KEY_UISupportedInterfaceOrientations_iPhone = "UIInterfaceOrientationPortrait UIInterfaceOrientationLandscapeLeft UIInterfaceOrientationLandscapeRight";
				IPHONEOS_DEPLOYMENT_TARGET = 16.6;
				LD_RUNPATH_SEARCH_PATHS = (
					"$(inherited)",
					"@executable_path/Frameworks",
				);
				MARKETING_VERSION = 1.0;
				PRODUCT_BUNDLE_IDENTIFIER = com.JustCheck.NewsArticle;
				PRODUCT_NAME = "$(TARGET_NAME)";
				SWIFT_EMIT_LOC_STRINGS = YES;
				SWIFT_VERSION = 5.0;
				TARGETED_DEVICE_FAMILY = "1,2";
			};
			name = Release;
		};
		4EDF88132DF6B3C100FF44ED /* Debug */ = {
			isa = XCBuildConfiguration;
			baseConfigurationReference = 14307FEB7F0FEE8F935EF88B /* Pods-NewsArticleTests.debug.xcconfig */;
			buildSettings = {
				BUNDLE_LOADER = "$(TEST_HOST)";
				CODE_SIGN_STYLE = Automatic;
				CURRENT_PROJECT_VERSION = 1;
				DEVELOPMENT_TEAM = H2C4R2VE3A;
				GENERATE_INFOPLIST_FILE = YES;
				IPHONEOS_DEPLOYMENT_TARGET = 18.5;
				MARKETING_VERSION = 1.0;
				PRODUCT_BUNDLE_IDENTIFIER = com.JustCheck.NewsArticleTests;
				PRODUCT_NAME = "$(TARGET_NAME)";
				SWIFT_EMIT_LOC_STRINGS = NO;
				SWIFT_VERSION = 5.0;
				TARGETED_DEVICE_FAMILY = "1,2";
				TEST_HOST = "$(BUILT_PRODUCTS_DIR)/NewsArticle.app/$(BUNDLE_EXECUTABLE_FOLDER_PATH)/NewsArticle";
			};
			name = Debug;
		};
		4EDF88142DF6B3C100FF44ED /* Release */ = {
			isa = XCBuildConfiguration;
			baseConfigurationReference = A94A0F84844BAA058375654F /* Pods-NewsArticleTests.release.xcconfig */;
			buildSettings = {
				BUNDLE_LOADER = "$(TEST_HOST)";
				CODE_SIGN_STYLE = Automatic;
				CURRENT_PROJECT_VERSION = 1;
				DEVELOPMENT_TEAM = H2C4R2VE3A;
				GENERATE_INFOPLIST_FILE = YES;
				IPHONEOS_DEPLOYMENT_TARGET = 18.5;
				MARKETING_VERSION = 1.0;
				PRODUCT_BUNDLE_IDENTIFIER = com.JustCheck.NewsArticleTests;
				PRODUCT_NAME = "$(TARGET_NAME)";
				SWIFT_EMIT_LOC_STRINGS = NO;
				SWIFT_VERSION = 5.0;
				TARGETED_DEVICE_FAMILY = "1,2";
				TEST_HOST = "$(BUILT_PRODUCTS_DIR)/NewsArticle.app/$(BUNDLE_EXECUTABLE_FOLDER_PATH)/NewsArticle";
			};
			name = Release;
		};
		4EDF88162DF6B3C100FF44ED /* Debug */ = {
			isa = XCBuildConfiguration;
			baseConfigurationReference = 6C73BF6EDE51E7AD9DF55CBA /* Pods-NewsArticle-NewsArticleUITests.debug.xcconfig */;
			buildSettings = {
				CODE_SIGN_STYLE = Automatic;
				CURRENT_PROJECT_VERSION = 1;
				DEVELOPMENT_TEAM = H2C4R2VE3A;
				GENERATE_INFOPLIST_FILE = YES;
				MARKETING_VERSION = 1.0;
				PRODUCT_BUNDLE_IDENTIFIER = com.JustCheck.NewsArticleUITests;
				PRODUCT_NAME = "$(TARGET_NAME)";
				SWIFT_EMIT_LOC_STRINGS = NO;
				SWIFT_VERSION = 5.0;
				TARGETED_DEVICE_FAMILY = "1,2";
				TEST_TARGET_NAME = NewsArticle;
			};
			name = Debug;
		};
		4EDF88172DF6B3C100FF44ED /* Release */ = {
			isa = XCBuildConfiguration;
			baseConfigurationReference = FF716EC7795051C90C5F1CC4 /* Pods-NewsArticle-NewsArticleUITests.release.xcconfig */;
			buildSettings = {
				CODE_SIGN_STYLE = Automatic;
				CURRENT_PROJECT_VERSION = 1;
				DEVELOPMENT_TEAM = H2C4R2VE3A;
				GENERATE_INFOPLIST_FILE = YES;
				MARKETING_VERSION = 1.0;
				PRODUCT_BUNDLE_IDENTIFIER = com.JustCheck.NewsArticleUITests;
				PRODUCT_NAME = "$(TARGET_NAME)";
				SWIFT_EMIT_LOC_STRINGS = NO;
				SWIFT_VERSION = 5.0;
				TARGETED_DEVICE_FAMILY = "1,2";
				TEST_TARGET_NAME = NewsArticle;
			};
			name = Release;
		};
/* End XCBuildConfiguration section */

/* Begin XCConfigurationList section */
		4EDF87E92DF6B3BD00FF44ED /* Build configuration list for PBXProject "NewsArticle" */ = {
			isa = XCConfigurationList;
			buildConfigurations = (
				4EDF880D2DF6B3C100FF44ED /* Debug */,
				4EDF880E2DF6B3C100FF44ED /* Release */,
			);
			defaultConfigurationIsVisible = 0;
			defaultConfigurationName = Release;
		};
		4EDF880F2DF6B3C100FF44ED /* Build configuration list for PBXNativeTarget "NewsArticle" */ = {
			isa = XCConfigurationList;
			buildConfigurations = (
				4EDF88102DF6B3C100FF44ED /* Debug */,
				4EDF88112DF6B3C100FF44ED /* Release */,
			);
			defaultConfigurationIsVisible = 0;
			defaultConfigurationName = Release;
		};
		4EDF88122DF6B3C100FF44ED /* Build configuration list for PBXNativeTarget "NewsArticleTests" */ = {
			isa = XCConfigurationList;
			buildConfigurations = (
				4EDF88132DF6B3C100FF44ED /* Debug */,
				4EDF88142DF6B3C100FF44ED /* Release */,
			);
			defaultConfigurationIsVisible = 0;
			defaultConfigurationName = Release;
		};
		4EDF88152DF6B3C100FF44ED /* Build configuration list for PBXNativeTarget "NewsArticleUITests" */ = {
			isa = XCConfigurationList;
			buildConfigurations = (
				4EDF88162DF6B3C100FF44ED /* Debug */,
				4EDF88172DF6B3C100FF44ED /* Release */,
			);
			defaultConfigurationIsVisible = 0;
			defaultConfigurationName = Release;
		};
/* End XCConfigurationList section */

/* Begin XCRemoteSwiftPackageReference section */
		4EA3122E2DF9551800710D6D /* XCRemoteSwiftPackageReference "firebase-ios-sdk" */ = {
			isa = XCRemoteSwiftPackageReference;
			repositoryURL = "https://github.com/firebase/firebase-ios-sdk";
			requirement = {
				kind = upToNextMajorVersion;
				minimumVersion = 11.14.0;
			};
		};
		4EA3126D2DF9657200710D6D /* XCRemoteSwiftPackageReference "GoogleSignIn-iOS" */ = {
			isa = XCRemoteSwiftPackageReference;
			repositoryURL = "https://github.com/google/GoogleSignIn-iOS";
			requirement = {
				kind = upToNextMajorVersion;
				minimumVersion = 8.0.0;
			};
		};
/* End XCRemoteSwiftPackageReference section */

/* Begin XCSwiftPackageProductDependency section */
		4EA3122F2DF9551800710D6D /* FirebaseAI */ = {
			isa = XCSwiftPackageProductDependency;
			package = 4EA3122E2DF9551800710D6D /* XCRemoteSwiftPackageReference "firebase-ios-sdk" */;
			productName = FirebaseAI;
		};
		4EA312312DF9551800710D6D /* FirebaseAnalytics */ = {
			isa = XCSwiftPackageProductDependency;
			package = 4EA3122E2DF9551800710D6D /* XCRemoteSwiftPackageReference "firebase-ios-sdk" */;
			productName = FirebaseAnalytics;
		};
		4EA312332DF9551800710D6D /* FirebaseAnalyticsCore */ = {
			isa = XCSwiftPackageProductDependency;
			package = 4EA3122E2DF9551800710D6D /* XCRemoteSwiftPackageReference "firebase-ios-sdk" */;
			productName = FirebaseAnalyticsCore;
		};
		4EA312352DF9551800710D6D /* FirebaseAnalyticsIdentitySupport */ = {
			isa = XCSwiftPackageProductDependency;
			package = 4EA3122E2DF9551800710D6D /* XCRemoteSwiftPackageReference "firebase-ios-sdk" */;
			productName = FirebaseAnalyticsIdentitySupport;
		};
		4EA312372DF9551800710D6D /* FirebaseAnalyticsOnDeviceConversion */ = {
			isa = XCSwiftPackageProductDependency;
			package = 4EA3122E2DF9551800710D6D /* XCRemoteSwiftPackageReference "firebase-ios-sdk" */;
			productName = FirebaseAnalyticsOnDeviceConversion;
		};
		4EA312392DF9551800710D6D /* FirebaseAnalyticsWithoutAdIdSupport */ = {
			isa = XCSwiftPackageProductDependency;
			package = 4EA3122E2DF9551800710D6D /* XCRemoteSwiftPackageReference "firebase-ios-sdk" */;
			productName = FirebaseAnalyticsWithoutAdIdSupport;
		};
		4EA3123B2DF9551800710D6D /* FirebaseAppCheck */ = {
			isa = XCSwiftPackageProductDependency;
			package = 4EA3122E2DF9551800710D6D /* XCRemoteSwiftPackageReference "firebase-ios-sdk" */;
			productName = FirebaseAppCheck;
		};
		4EA3123D2DF9551800710D6D /* FirebaseAppDistribution-Beta */ = {
			isa = XCSwiftPackageProductDependency;
			package = 4EA3122E2DF9551800710D6D /* XCRemoteSwiftPackageReference "firebase-ios-sdk" */;
			productName = "FirebaseAppDistribution-Beta";
		};
		4EA3123F2DF9551800710D6D /* FirebaseAuth */ = {
			isa = XCSwiftPackageProductDependency;
			package = 4EA3122E2DF9551800710D6D /* XCRemoteSwiftPackageReference "firebase-ios-sdk" */;
			productName = FirebaseAuth;
		};
		4EA312412DF9551800710D6D /* FirebaseAuthCombine-Community */ = {
			isa = XCSwiftPackageProductDependency;
			package = 4EA3122E2DF9551800710D6D /* XCRemoteSwiftPackageReference "firebase-ios-sdk" */;
			productName = "FirebaseAuthCombine-Community";
		};
		4EA312432DF9551800710D6D /* FirebaseCore */ = {
			isa = XCSwiftPackageProductDependency;
			package = 4EA3122E2DF9551800710D6D /* XCRemoteSwiftPackageReference "firebase-ios-sdk" */;
			productName = FirebaseCore;
		};
		4EA312452DF9551800710D6D /* FirebaseCrashlytics */ = {
			isa = XCSwiftPackageProductDependency;
			package = 4EA3122E2DF9551800710D6D /* XCRemoteSwiftPackageReference "firebase-ios-sdk" */;
			productName = FirebaseCrashlytics;
		};
		4EA312472DF9551800710D6D /* FirebaseDatabase */ = {
			isa = XCSwiftPackageProductDependency;
			package = 4EA3122E2DF9551800710D6D /* XCRemoteSwiftPackageReference "firebase-ios-sdk" */;
			productName = FirebaseDatabase;
		};
		4EA312492DF9551800710D6D /* FirebaseDynamicLinks */ = {
			isa = XCSwiftPackageProductDependency;
			package = 4EA3122E2DF9551800710D6D /* XCRemoteSwiftPackageReference "firebase-ios-sdk" */;
			productName = FirebaseDynamicLinks;
		};
		4EA3124B2DF9551800710D6D /* FirebaseFirestore */ = {
			isa = XCSwiftPackageProductDependency;
			package = 4EA3122E2DF9551800710D6D /* XCRemoteSwiftPackageReference "firebase-ios-sdk" */;
			productName = FirebaseFirestore;
		};
		4EA3124D2DF9551800710D6D /* FirebaseFirestoreCombine-Community */ = {
			isa = XCSwiftPackageProductDependency;
			package = 4EA3122E2DF9551800710D6D /* XCRemoteSwiftPackageReference "firebase-ios-sdk" */;
			productName = "FirebaseFirestoreCombine-Community";
		};
		4EA3124F2DF9551800710D6D /* FirebaseFunctions */ = {
			isa = XCSwiftPackageProductDependency;
			package = 4EA3122E2DF9551800710D6D /* XCRemoteSwiftPackageReference "firebase-ios-sdk" */;
			productName = FirebaseFunctions;
		};
		4EA312512DF9551800710D6D /* FirebaseFunctionsCombine-Community */ = {
			isa = XCSwiftPackageProductDependency;
			package = 4EA3122E2DF9551800710D6D /* XCRemoteSwiftPackageReference "firebase-ios-sdk" */;
			productName = "FirebaseFunctionsCombine-Community";
		};
		4EA312532DF9551800710D6D /* FirebaseInAppMessaging-Beta */ = {
			isa = XCSwiftPackageProductDependency;
			package = 4EA3122E2DF9551800710D6D /* XCRemoteSwiftPackageReference "firebase-ios-sdk" */;
			productName = "FirebaseInAppMessaging-Beta";
		};
		4EA312552DF9551800710D6D /* FirebaseInstallations */ = {
			isa = XCSwiftPackageProductDependency;
			package = 4EA3122E2DF9551800710D6D /* XCRemoteSwiftPackageReference "firebase-ios-sdk" */;
			productName = FirebaseInstallations;
		};
		4EA312572DF9551800710D6D /* FirebaseMLModelDownloader */ = {
			isa = XCSwiftPackageProductDependency;
			package = 4EA3122E2DF9551800710D6D /* XCRemoteSwiftPackageReference "firebase-ios-sdk" */;
			productName = FirebaseMLModelDownloader;
		};
		4EA312592DF9551800710D6D /* FirebaseMessaging */ = {
			isa = XCSwiftPackageProductDependency;
			package = 4EA3122E2DF9551800710D6D /* XCRemoteSwiftPackageReference "firebase-ios-sdk" */;
			productName = FirebaseMessaging;
		};
		4EA3125B2DF9551800710D6D /* FirebasePerformance */ = {
			isa = XCSwiftPackageProductDependency;
			package = 4EA3122E2DF9551800710D6D /* XCRemoteSwiftPackageReference "firebase-ios-sdk" */;
			productName = FirebasePerformance;
		};
		4EA3125D2DF9551800710D6D /* FirebaseRemoteConfig */ = {
			isa = XCSwiftPackageProductDependency;
			package = 4EA3122E2DF9551800710D6D /* XCRemoteSwiftPackageReference "firebase-ios-sdk" */;
			productName = FirebaseRemoteConfig;
		};
		4EA3125F2DF9551800710D6D /* FirebaseStorage */ = {
			isa = XCSwiftPackageProductDependency;
			package = 4EA3122E2DF9551800710D6D /* XCRemoteSwiftPackageReference "firebase-ios-sdk" */;
			productName = FirebaseStorage;
		};
		4EA312612DF9551800710D6D /* FirebaseStorageCombine-Community */ = {
			isa = XCSwiftPackageProductDependency;
			package = 4EA3122E2DF9551800710D6D /* XCRemoteSwiftPackageReference "firebase-ios-sdk" */;
			productName = "FirebaseStorageCombine-Community";
		};
		4EA312632DF9551800710D6D /* FirebaseVertexAI */ = {
			isa = XCSwiftPackageProductDependency;
			package = 4EA3122E2DF9551800710D6D /* XCRemoteSwiftPackageReference "firebase-ios-sdk" */;
			productName = FirebaseVertexAI;
		};
		4EA3126E2DF9657200710D6D /* GoogleSignIn */ = {
			isa = XCSwiftPackageProductDependency;
			package = 4EA3126D2DF9657200710D6D /* XCRemoteSwiftPackageReference "GoogleSignIn-iOS" */;
			productName = GoogleSignIn;
		};
		4EA312702DF9657200710D6D /* GoogleSignInSwift */ = {
			isa = XCSwiftPackageProductDependency;
			package = 4EA3126D2DF9657200710D6D /* XCRemoteSwiftPackageReference "GoogleSignIn-iOS" */;
			productName = GoogleSignInSwift;
		};
/* End XCSwiftPackageProductDependency section */

/* Begin XCVersionGroup section */
		4EA312872DF9A97A00710D6D /* Model.xcdatamodeld */ = {
			isa = XCVersionGroup;
			children = (
				4EA312882DF9A97A00710D6D /* Model.xcdatamodel */,
			);
			currentVersion = 4EA312882DF9A97A00710D6D /* Model.xcdatamodel */;
			path = Model.xcdatamodeld;
			sourceTree = "<group>";
			versionGroupType = wrapper.xcdatamodel;
		};
/* End XCVersionGroup section */
	};
	rootObject = 4EDF87E62DF6B3BD00FF44ED /* Project object */;
}
